
Microsoft Visual Studio Solution File, Format Version 12.00
# Visual Studio 15
VisualStudioVersion = 15.0.28010.2048
MinimumVisualStudioVersion = 10.0.40219.1
Project("{FAE04EC0-301F-11D3-BF4B-00C04F79EFBC}") = "TaskManager.Web", "TaskManager.Web\TaskManager.Web.csproj", "{8FFB71C8-DD93-4488-AB94-944F04707818}"
EndProject
Project("{FAE04EC0-301F-11D3-BF4B-00C04F79EFBC}") = "TaskManager.Data", "TaskManager.Data\TaskManager.Data.csproj", "{B3C2856C-8894-409A-9B02-60E3ABB95879}"
EndProject
Global
	GlobalSection(SolutionConfigurationPlatforms) = preSolution
		Debug|Any CPU = Debug|Any CPU
		Release|Any CPU = Release|Any CPU
	EndGlobalSection
	GlobalSection(ProjectConfigurationPlatforms) = postSolution
		{8FFB71C8-DD93-4488-AB94-944F04707818}.Debug|Any CPU.ActiveCfg = Debug|Any CPU
		{8FFB71C8-DD93-4488-AB94-944F04707818}.Debug|Any CPU.Build.0 = Debug|Any CPU
		{8FFB71C8-DD93-4488-AB94-944F04707818}.Release|Any CPU.ActiveCfg = Release|Any CPU
		{8FFB71C8-DD93-4488-AB94-944F04707818}.Release|Any CPU.Build.0 = Release|Any CPU
		{B3C2856C-8894-409A-9B02-60E3ABB95879}.Debug|Any CPU.ActiveCfg = Debug|Any CPU
		{B3C2856C-8894-409A-9B02-60E3ABB95879}.Debug|Any CPU.Build.0 = Debug|Any CPU
		{B3C2856C-8894-409A-9B02-60E3ABB95879}.Release|Any CPU.ActiveCfg = Release|Any CPU
		{B3C2856C-8894-409A-9B02-60E3ABB95879}.Release|Any CPU.Build.0 = Release|Any CPU
	EndGlobalSection
	GlobalSection(SolutionProperties) = preSolution
		HideSolutionNode = FALSE
	EndGlobalSection
	GlobalSection(ExtensibilityGlobals) = postSolution
		SolutionGuid = {41956216-9B34-413F-A8ED-289B3ACA98DA}
	EndGlobalSection
EndGlobal
